
Microsoft Visual Studio Solution File, Format Version 12.00
# Visual Studio 15
VisualStudioVersion = 15.0.27428.1
MinimumVisualStudioVersion = 10.0.40219.1
Project("{9A19103F-16F7-4668-BE54-9A1E7A4F7556}") = "Basil.Util", "src\Basil.Util\Basil.Util.csproj", "{B8D7BE73-EEB4-4410-BE63-FC41ECA33BE9}"
EndProject
Project("{9A19103F-16F7-4668-BE54-9A1E7A4F7556}") = "Basil.Domain", "src\Basil.Domain\Basil.Domain.csproj", "{E119B30B-0F4E-429C-93C0-A06F75B122F1}"
EndProject
Project("{2150E333-8FDC-42A3-9474-1A3956D46DE8}") = "Sample", "Sample", "{AB612473-9C0B-428C-91AC-D7243C6F54C1}"
EndProject
Project("{2150E333-8FDC-42A3-9474-1A3956D46DE8}") = "ApiGateway", "ApiGateway", "{5E34E3AC-AB37-4E51-9858-0A41FDCF8A91}"
EndProject
Project("{9A19103F-16F7-4668-BE54-9A1E7A4F7556}") = "ApiGateway.Ocelot", "src\Sample\ApiGateway\ApiGateway.Ocelot\ApiGateway.Ocelot.csproj", "{06361F56-DA51-4A96-86A1-3AA53DB0B699}"
EndProject
Project("{2150E333-8FDC-42A3-9474-1A3956D46DE8}") = "WebApp", "WebApp", "{A453D4F0-5CE1-4B78-8C49-2C4BC525C512}"
EndProject
Project("{9A19103F-16F7-4668-BE54-9A1E7A4F7556}") = "WebApp.Core", "src\Sample\WebApp\WebApp.Core\WebApp.Core.csproj", "{07141C41-E580-4C54-903D-8CB1FE432BE0}"
EndProject
Project("{9A19103F-16F7-4668-BE54-9A1E7A4F7556}") = "WebApp.Host", "src\Sample\WebApp\WebApp.Host\WebApp.Host.csproj", "{E4E09F46-3706-4F72-AE3D-80BDA3D44111}"
EndProject
Project("{9A19103F-16F7-4668-BE54-9A1E7A4F7556}") = "WebApp.Repos", "src\Sample\WebApp\WebApp.Repos\WebApp.Repos.csproj", "{298D3E92-2E25-4B8F-B2AE-090134528A42}"
EndProject
Project("{9A19103F-16F7-4668-BE54-9A1E7A4F7556}") = "WebApp.Service", "src\Sample\WebApp\WebApp.Service\WebApp.Service.csproj", "{78066AE7-AF59-4EED-9B83-920D409225CC}"
EndProject
Project("{2150E333-8FDC-42A3-9474-1A3956D46DE8}") = "WebApp2", "WebApp2", "{82AE501A-4A49-440C-B7ED-770D5ADB6200}"
EndProject
Project("{9A19103F-16F7-4668-BE54-9A1E7A4F7556}") = "WebApp2", "src\Sample\WebApp2\WebApp2\WebApp2.csproj", "{98BA4F68-F303-44BE-A332-FCC218AECC7C}"
EndProject
Project("{2150E333-8FDC-42A3-9474-1A3956D46DE8}") = "IdentityServer", "IdentityServer", "{A437351F-CAFA-4382-ADD1-8D22876B4F1B}"
EndProject
Project("{9A19103F-16F7-4668-BE54-9A1E7A4F7556}") = "Basil.User.Core", "src\Sample\IdentityServer\Basil.User.Core\Basil.User.Core.csproj", "{0FF6C9BA-B628-4276-AF7D-AD7CE7B34A32}"
EndProject
Project("{9A19103F-16F7-4668-BE54-9A1E7A4F7556}") = "Basil.User.IdentityServer", "src\Sample\IdentityServer\Basil.User.IdentityServer\Basil.User.IdentityServer.csproj", "{46DB432B-730D-489B-B7DC-9E6F2471A5A9}"
EndProject
Project("{9A19103F-16F7-4668-BE54-9A1E7A4F7556}") = "Basil.User.Repository", "src\Sample\IdentityServer\Basil.User.Repository\Basil.User.Repository.csproj", "{D8AF2CBE-5E57-4C1F-B08A-956F04A1DCAE}"
EndProject
Project("{9A19103F-16F7-4668-BE54-9A1E7A4F7556}") = "Basil.User.Service", "src\Sample\IdentityServer\Basil.User.Service\Basil.User.Service.csproj", "{D4932435-C288-4039-8C07-795B272D5056}"
EndProject
Global
	GlobalSection(SolutionConfigurationPlatforms) = preSolution
		Debug|Any CPU = Debug|Any CPU
		Release|Any CPU = Release|Any CPU
	EndGlobalSection
	GlobalSection(ProjectConfigurationPlatforms) = postSolution
		{B8D7BE73-EEB4-4410-BE63-FC41ECA33BE9}.Debug|Any CPU.ActiveCfg = Debug|Any CPU
		{B8D7BE73-EEB4-4410-BE63-FC41ECA33BE9}.Debug|Any CPU.Build.0 = Debug|Any CPU
		{B8D7BE73-EEB4-4410-BE63-FC41ECA33BE9}.Release|Any CPU.ActiveCfg = Release|Any CPU
		{B8D7BE73-EEB4-4410-BE63-FC41ECA33BE9}.Release|Any CPU.Build.0 = Release|Any CPU
		{E119B30B-0F4E-429C-93C0-A06F75B122F1}.Debug|Any CPU.ActiveCfg = Debug|Any CPU
		{E119B30B-0F4E-429C-93C0-A06F75B122F1}.Debug|Any CPU.Build.0 = Debug|Any CPU
		{E119B30B-0F4E-429C-93C0-A06F75B122F1}.Release|Any CPU.ActiveCfg = Release|Any CPU
		{E119B30B-0F4E-429C-93C0-A06F75B122F1}.Release|Any CPU.Build.0 = Release|Any CPU
		{06361F56-DA51-4A96-86A1-3AA53DB0B699}.Debug|Any CPU.ActiveCfg = Debug|Any CPU
		{06361F56-DA51-4A96-86A1-3AA53DB0B699}.Debug|Any CPU.Build.0 = Debug|Any CPU
		{06361F56-DA51-4A96-86A1-3AA53DB0B699}.Release|Any CPU.ActiveCfg = Release|Any CPU
		{06361F56-DA51-4A96-86A1-3AA53DB0B699}.Release|Any CPU.Build.0 = Release|Any CPU
		{07141C41-E580-4C54-903D-8CB1FE432BE0}.Debug|Any CPU.ActiveCfg = Debug|Any CPU
		{07141C41-E580-4C54-903D-8CB1FE432BE0}.Debug|Any CPU.Build.0 = Debug|Any CPU
		{07141C41-E580-4C54-903D-8CB1FE432BE0}.Release|Any CPU.ActiveCfg = Release|Any CPU
		{07141C41-E580-4C54-903D-8CB1FE432BE0}.Release|Any CPU.Build.0 = Release|Any CPU
		{E4E09F46-3706-4F72-AE3D-80BDA3D44111}.Debug|Any CPU.ActiveCfg = Debug|Any CPU
		{E4E09F46-3706-4F72-AE3D-80BDA3D44111}.Debug|Any CPU.Build.0 = Debug|Any CPU
		{E4E09F46-3706-4F72-AE3D-80BDA3D44111}.Release|Any CPU.ActiveCfg = Release|Any CPU
		{E4E09F46-3706-4F72-AE3D-80BDA3D44111}.Release|Any CPU.Build.0 = Release|Any CPU
		{298D3E92-2E25-4B8F-B2AE-090134528A42}.Debug|Any CPU.ActiveCfg = Debug|Any CPU
		{298D3E92-2E25-4B8F-B2AE-090134528A42}.Debug|Any CPU.Build.0 = Debug|Any CPU
		{298D3E92-2E25-4B8F-B2AE-090134528A42}.Release|Any CPU.ActiveCfg = Release|Any CPU
		{298D3E92-2E25-4B8F-B2AE-090134528A42}.Release|Any CPU.Build.0 = Release|Any CPU
		{78066AE7-AF59-4EED-9B83-920D409225CC}.Debug|Any CPU.ActiveCfg = Debug|Any CPU
		{78066AE7-AF59-4EED-9B83-920D409225CC}.Debug|Any CPU.Build.0 = Debug|Any CPU
		{78066AE7-AF59-4EED-9B83-920D409225CC}.Release|Any CPU.ActiveCfg = Release|Any CPU
		{78066AE7-AF59-4EED-9B83-920D409225CC}.Release|Any CPU.Build.0 = Release|Any CPU
		{98BA4F68-F303-44BE-A332-FCC218AECC7C}.Debug|Any CPU.ActiveCfg = Debug|Any CPU
		{98BA4F68-F303-44BE-A332-FCC218AECC7C}.Debug|Any CPU.Build.0 = Debug|Any CPU
		{98BA4F68-F303-44BE-A332-FCC218AECC7C}.Release|Any CPU.ActiveCfg = Release|Any CPU
		{98BA4F68-F303-44BE-A332-FCC218AECC7C}.Release|Any CPU.Build.0 = Release|Any CPU
		{0FF6C9BA-B628-4276-AF7D-AD7CE7B34A32}.Debug|Any CPU.ActiveCfg = Debug|Any CPU
		{0FF6C9BA-B628-4276-AF7D-AD7CE7B34A32}.Debug|Any CPU.Build.0 = Debug|Any CPU
		{0FF6C9BA-B628-4276-AF7D-AD7CE7B34A32}.Release|Any CPU.ActiveCfg = Release|Any CPU
		{0FF6C9BA-B628-4276-AF7D-AD7CE7B34A32}.Release|Any CPU.Build.0 = Release|Any CPU
		{46DB432B-730D-489B-B7DC-9E6F2471A5A9}.Debug|Any CPU.ActiveCfg = Debug|Any CPU
		{46DB432B-730D-489B-B7DC-9E6F2471A5A9}.Debug|Any CPU.Build.0 = Debug|Any CPU
		{46DB432B-730D-489B-B7DC-9E6F2471A5A9}.Release|Any CPU.ActiveCfg = Release|Any CPU
		{46DB432B-730D-489B-B7DC-9E6F2471A5A9}.Release|Any CPU.Build.0 = Release|Any CPU
		{D8AF2CBE-5E57-4C1F-B08A-956F04A1DCAE}.Debug|Any CPU.ActiveCfg = Debug|Any CPU
		{D8AF2CBE-5E57-4C1F-B08A-956F04A1DCAE}.Debug|Any CPU.Build.0 = Debug|Any CPU
		{D8AF2CBE-5E57-4C1F-B08A-956F04A1DCAE}.Release|Any CPU.ActiveCfg = Release|Any CPU
		{D8AF2CBE-5E57-4C1F-B08A-956F04A1DCAE}.Release|Any CPU.Build.0 = Release|Any CPU
		{D4932435-C288-4039-8C07-795B272D5056}.Debug|Any CPU.ActiveCfg = Debug|Any CPU
		{D4932435-C288-4039-8C07-795B272D5056}.Debug|Any CPU.Build.0 = Debug|Any CPU
		{D4932435-C288-4039-8C07-795B272D5056}.Release|Any CPU.ActiveCfg = Release|Any CPU
		{D4932435-C288-4039-8C07-795B272D5056}.Release|Any CPU.Build.0 = Release|Any CPU
	EndGlobalSection
	GlobalSection(SolutionProperties) = preSolution
		HideSolutionNode = FALSE
	EndGlobalSection
	GlobalSection(NestedProjects) = preSolution
		{5E34E3AC-AB37-4E51-9858-0A41FDCF8A91} = {AB612473-9C0B-428C-91AC-D7243C6F54C1}
		{06361F56-DA51-4A96-86A1-3AA53DB0B699} = {5E34E3AC-AB37-4E51-9858-0A41FDCF8A91}
		{A453D4F0-5CE1-4B78-8C49-2C4BC525C512} = {AB612473-9C0B-428C-91AC-D7243C6F54C1}
		{07141C41-E580-4C54-903D-8CB1FE432BE0} = {A453D4F0-5CE1-4B78-8C49-2C4BC525C512}
		{E4E09F46-3706-4F72-AE3D-80BDA3D44111} = {A453D4F0-5CE1-4B78-8C49-2C4BC525C512}
		{298D3E92-2E25-4B8F-B2AE-090134528A42} = {A453D4F0-5CE1-4B78-8C49-2C4BC525C512}
		{78066AE7-AF59-4EED-9B83-920D409225CC} = {A453D4F0-5CE1-4B78-8C49-2C4BC525C512}
		{82AE501A-4A49-440C-B7ED-770D5ADB6200} = {AB612473-9C0B-428C-91AC-D7243C6F54C1}
		{98BA4F68-F303-44BE-A332-FCC218AECC7C} = {82AE501A-4A49-440C-B7ED-770D5ADB6200}
		{A437351F-CAFA-4382-ADD1-8D22876B4F1B} = {AB612473-9C0B-428C-91AC-D7243C6F54C1}
		{0FF6C9BA-B628-4276-AF7D-AD7CE7B34A32} = {A437351F-CAFA-4382-ADD1-8D22876B4F1B}
		{46DB432B-730D-489B-B7DC-9E6F2471A5A9} = {A437351F-CAFA-4382-ADD1-8D22876B4F1B}
		{D8AF2CBE-5E57-4C1F-B08A-956F04A1DCAE} = {A437351F-CAFA-4382-ADD1-8D22876B4F1B}
		{D4932435-C288-4039-8C07-795B272D5056} = {A437351F-CAFA-4382-ADD1-8D22876B4F1B}
	EndGlobalSection
	GlobalSection(ExtensibilityGlobals) = postSolution
		SolutionGuid = {F10096CF-E961-4025-A902-0D8BC7352B1E}
	EndGlobalSection
EndGlobal
